
Microsoft Visual Studio Solution File, Format Version 12.00
# Visual Studio 15
VisualStudioVersion = 15.0.28307.329
MinimumVisualStudioVersion = 10.0.40219.1
Project("{FAE04EC0-301F-11D3-BF4B-00C04F79EFBC}") = "ES2 Hero Designer", "ES2 Hero Designer\ES2 Hero Designer.csproj", "{D158EF6C-AADB-4C0C-907B-F4BAF2DAA1F4}"
EndProject
Global
	GlobalSection(SolutionConfigurationPlatforms) = preSolution
		Debug|Any CPU = Debug|Any CPU
		Release|Any CPU = Release|Any CPU
	EndGlobalSection
	GlobalSection(ProjectConfigurationPlatforms) = postSolution
		{D158EF6C-AADB-4C0C-907B-F4BAF2DAA1F4}.Debug|Any CPU.ActiveCfg = Debug|Any CPU
		{D158EF6C-AADB-4C0C-907B-F4BAF2DAA1F4}.Debug|Any CPU.Build.0 = Debug|Any CPU
		{D158EF6C-AADB-4C0C-907B-F4BAF2DAA1F4}.Release|Any CPU.ActiveCfg = Release|Any CPU
		{D158EF6C-AADB-4C0C-907B-F4BAF2DAA1F4}.Release|Any CPU.Build.0 = Release|Any CPU
	EndGlobalSection
	GlobalSection(SolutionProperties) = preSolution
		HideSolutionNode = FALSE
	EndGlobalSection
	GlobalSection(ExtensibilityGlobals) = postSolution
		SolutionGuid = {0FCAD1DE-2472-4B16-9A6B-03095BE2B52D}
	EndGlobalSection
EndGlobal
